
Microsoft Visual Studio Solution File, Format Version 12.00
# Visual Studio Version 17
VisualStudioVersion = 17.8.34525.116
MinimumVisualStudioVersion = 10.0.40219.1
Project("{FAE04EC0-301F-11D3-BF4B-00C04F79EFBC}") = "CS_Using_HashSet", "CS_Using_HashSet\CS_Using_HashSet.csproj", "{EA4770E6-5409-4D4C-BC47-D7DFFC124144}"
EndProject
Global
	GlobalSection(SolutionConfigurationPlatforms) = preSolution
		Debug|Any CPU = Debug|Any CPU
		Release|Any CPU = Release|Any CPU
	EndGlobalSection
	GlobalSection(ProjectConfigurationPlatforms) = postSolution
		{EA4770E6-5409-4D4C-BC47-D7DFFC124144}.Debug|Any CPU.ActiveCfg = Debug|Any CPU
		{EA4770E6-5409-4D4C-BC47-D7DFFC124144}.Debug|Any CPU.Build.0 = Debug|Any CPU
		{EA4770E6-5409-4D4C-BC47-D7DFFC124144}.Release|Any CPU.ActiveCfg = Release|Any CPU
		{EA4770E6-5409-4D4C-BC47-D7DFFC124144}.Release|Any CPU.Build.0 = Release|Any CPU
	EndGlobalSection
	GlobalSection(SolutionProperties) = preSolution
		HideSolutionNode = FALSE
	EndGlobalSection
	GlobalSection(ExtensibilityGlobals) = postSolution
		SolutionGuid = {9F5D4442-8E38-4AE6-963C-31A14275D853}
	EndGlobalSection
EndGlobal
